// !$*UTF8*$!
{
	archiveVersion = 1;
	classes = {
	};
	objectVersion = 56;
	objects = {

/* Begin PBXBuildFile section */
		910341E52BC5ACB5006CAAC4 /* MapKit.framework in Frameworks */ = {isa = PBXBuildFile; fileRef = 910341E42BC5ACB5006CAAC4 /* MapKit.framework */; };
		910341E82BC5AEEF006CAAC4 /* SightseeingViewController.swift in Sources */ = {isa = PBXBuildFile; fileRef = 910341E72BC5AEEF006CAAC4 /* SightseeingViewController.swift */; };
		910341EA2BC5B06B006CAAC4 /* SightseeingTableViewController.swift in Sources */ = {isa = PBXBuildFile; fileRef = 910341E92BC5B06B006CAAC4 /* SightseeingTableViewController.swift */; };
		910341EC2BC5CC40006CAAC4 /* POITableViewCell.swift in Sources */ = {isa = PBXBuildFile; fileRef = 910341EB2BC5CC40006CAAC4 /* POITableViewCell.swift */; };
		91211C452BC71C2A0099D22D /* sightseeingBackground.jpeg in Resources */ = {isa = PBXBuildFile; fileRef = 91211C442BC71C2A0099D22D /* sightseeingBackground.jpeg */; };
		BC09063A2BBB82A200BF19AB /* TweetData.swift in Sources */ = {isa = PBXBuildFile; fileRef = BC0906392BBB82A200BF19AB /* TweetData.swift */; };
		BC09063C2BBB8B1B00BF19AB /* SiteCellTableViewCell.swift in Sources */ = {isa = PBXBuildFile; fileRef = BC09063B2BBB8B1B00BF19AB /* SiteCellTableViewCell.swift */; };
		BC3D6EFE2BCC48CA0088F5B3 /* TweetBackground.jpg in Resources */ = {isa = PBXBuildFile; fileRef = BC3D6EFD2BCC48CA0088F5B3 /* TweetBackground.jpg */; };
		BC3D6F002BCC49670088F5B3 /* NewTweetBack.jpg in Resources */ = {isa = PBXBuildFile; fileRef = BC3D6EFF2BCC49670088F5B3 /* NewTweetBack.jpg */; };
		BC4FDD112BCC68F6005B4D38 /* OAuthSwift in Frameworks */ = {isa = PBXBuildFile; productRef = BC4FDD102BCC68F6005B4D38 /* OAuthSwift */; };
		BC6EF6802BBB735E00466C5A /* FinalDestination.db in Resources */ = {isa = PBXBuildFile; fileRef = BC6EF67F2BBB735E00466C5A /* FinalDestination.db */; };
		BC6EF6822BBB752500466C5A /* OldTweetsViewController.swift in Sources */ = {isa = PBXBuildFile; fileRef = BC6EF6812BBB752500466C5A /* OldTweetsViewController.swift */; };
		BCA5C8FB2BB9FD17008C1960 /* AppDelegate.swift in Sources */ = {isa = PBXBuildFile; fileRef = BCA5C8FA2BB9FD17008C1960 /* AppDelegate.swift */; };
		BCA5C8FD2BB9FD17008C1960 /* SceneDelegate.swift in Sources */ = {isa = PBXBuildFile; fileRef = BCA5C8FC2BB9FD17008C1960 /* SceneDelegate.swift */; };
		BCA5C8FF2BB9FD17008C1960 /* ViewController.swift in Sources */ = {isa = PBXBuildFile; fileRef = BCA5C8FE2BB9FD17008C1960 /* ViewController.swift */; };
		BCA5C9022BB9FD17008C1960 /* Main.storyboard in Resources */ = {isa = PBXBuildFile; fileRef = BCA5C9002BB9FD17008C1960 /* Main.storyboard */; };
		BCA5C9042BB9FD18008C1960 /* Assets.xcassets in Resources */ = {isa = PBXBuildFile; fileRef = BCA5C9032BB9FD18008C1960 /* Assets.xcassets */; };
		BCA5C9072BB9FD18008C1960 /* LaunchScreen.storyboard in Resources */ = {isa = PBXBuildFile; fileRef = BCA5C9052BB9FD18008C1960 /* LaunchScreen.storyboard */; };
		BCA5C90F2BBA3289008C1960 /* TwitterService.swift in Sources */ = {isa = PBXBuildFile; fileRef = BCA5C90E2BBA3289008C1960 /* TwitterService.swift */; };
		BCA5C9142BBA6802008C1960 /* TwitterViewController.swift in Sources */ = {isa = PBXBuildFile; fileRef = BCA5C9132BBA6802008C1960 /* TwitterViewController.swift */; };
		BCFB93322BCAD0FE00DE75BF /* AddBudgetViewController.swift in Sources */ = {isa = PBXBuildFile; fileRef = BCFB93312BCAD0FE00DE75BF /* AddBudgetViewController.swift */; };
		BCFB93342BCAD10300DE75BF /* BudgetData.swift in Sources */ = {isa = PBXBuildFile; fileRef = BCFB93332BCAD10300DE75BF /* BudgetData.swift */; };
		BCFB93362BCAD10600DE75BF /* BudgetSwiftUIView.swift in Sources */ = {isa = PBXBuildFile; fileRef = BCFB93352BCAD10600DE75BF /* BudgetSwiftUIView.swift */; };
		BCFB93382BCAD10900DE75BF /* BudgetViewController.swift in Sources */ = {isa = PBXBuildFile; fileRef = BCFB93372BCAD10900DE75BF /* BudgetViewController.swift */; };
		BCFB933A2BCAD10B00DE75BF /* OldBudgetViewController.swift in Sources */ = {isa = PBXBuildFile; fileRef = BCFB93392BCAD10B00DE75BF /* OldBudgetViewController.swift */; };
		BCFB933C2BCAD10D00DE75BF /* BudgetTableViewCell.swift in Sources */ = {isa = PBXBuildFile; fileRef = BCFB933B2BCAD10D00DE75BF /* BudgetTableViewCell.swift */; };
		CE1E13822BCC882600B01C92 /* FlightData.swift in Sources */ = {isa = PBXBuildFile; fileRef = CE1E137E2BCC882600B01C92 /* FlightData.swift */; };
		CE1E13832BCC882600B01C92 /* FlightTrackingTableViewController.swift in Sources */ = {isa = PBXBuildFile; fileRef = CE1E137F2BCC882600B01C92 /* FlightTrackingTableViewController.swift */; };
		CE1E13842BCC882600B01C92 /* FlightTrackingViewController.swift in Sources */ = {isa = PBXBuildFile; fileRef = CE1E13802BCC882600B01C92 /* FlightTrackingViewController.swift */; };
		CE1E13852BCC882600B01C92 /* FlightTrackingTableViewCell.swift in Sources */ = {isa = PBXBuildFile; fileRef = CE1E13812BCC882600B01C92 /* FlightTrackingTableViewCell.swift */; };
		CE1E13882BCC890B00B01C92 /* planeIcon.png in Resources */ = {isa = PBXBuildFile; fileRef = CE1E13862BCC890B00B01C92 /* planeIcon.png */; };
		CE1E13892BCC890B00B01C92 /* FT_BG.jpg in Resources */ = {isa = PBXBuildFile; fileRef = CE1E13872BCC890B00B01C92 /* FT_BG.jpg */; };
/* End PBXBuildFile section */

/* Begin PBXFileReference section */
		910341E42BC5ACB5006CAAC4 /* MapKit.framework */ = {isa = PBXFileReference; lastKnownFileType = wrapper.framework; name = MapKit.framework; path = System/Library/Frameworks/MapKit.framework; sourceTree = SDKROOT; };
		910341E72BC5AEEF006CAAC4 /* SightseeingViewController.swift */ = {isa = PBXFileReference; lastKnownFileType = sourcecode.swift; path = SightseeingViewController.swift; sourceTree = "<group>"; };
		910341E92BC5B06B006CAAC4 /* SightseeingTableViewController.swift */ = {isa = PBXFileReference; lastKnownFileType = sourcecode.swift; path = SightseeingTableViewController.swift; sourceTree = "<group>"; };
		910341EB2BC5CC40006CAAC4 /* POITableViewCell.swift */ = {isa = PBXFileReference; lastKnownFileType = sourcecode.swift; path = POITableViewCell.swift; sourceTree = "<group>"; };
		91211C442BC71C2A0099D22D /* sightseeingBackground.jpeg */ = {isa = PBXFileReference; lastKnownFileType = image.jpeg; path = sightseeingBackground.jpeg; sourceTree = "<group>"; };
		BC0906392BBB82A200BF19AB /* TweetData.swift */ = {isa = PBXFileReference; lastKnownFileType = sourcecode.swift; path = TweetData.swift; sourceTree = "<group>"; };
		BC09063B2BBB8B1B00BF19AB /* SiteCellTableViewCell.swift */ = {isa = PBXFileReference; lastKnownFileType = sourcecode.swift; path = SiteCellTableViewCell.swift; sourceTree = "<group>"; };
		BC3D6EFD2BCC48CA0088F5B3 /* TweetBackground.jpg */ = {isa = PBXFileReference; lastKnownFileType = image.jpeg; path = TweetBackground.jpg; sourceTree = "<group>"; };
		BC3D6EFF2BCC49670088F5B3 /* NewTweetBack.jpg */ = {isa = PBXFileReference; lastKnownFileType = image.jpeg; path = NewTweetBack.jpg; sourceTree = "<group>"; };
		BC6EF67F2BBB735E00466C5A /* FinalDestination.db */ = {isa = PBXFileReference; lastKnownFileType = file; path = FinalDestination.db; sourceTree = "<group>"; };
		BC6EF6812BBB752500466C5A /* OldTweetsViewController.swift */ = {isa = PBXFileReference; lastKnownFileType = sourcecode.swift; path = OldTweetsViewController.swift; sourceTree = "<group>"; };
		BCA5C8F72BB9FD17008C1960 /* FinalDestination.app */ = {isa = PBXFileReference; explicitFileType = wrapper.application; includeInIndex = 0; path = FinalDestination.app; sourceTree = BUILT_PRODUCTS_DIR; };
		BCA5C8FA2BB9FD17008C1960 /* AppDelegate.swift */ = {isa = PBXFileReference; lastKnownFileType = sourcecode.swift; path = AppDelegate.swift; sourceTree = "<group>"; };
		BCA5C8FC2BB9FD17008C1960 /* SceneDelegate.swift */ = {isa = PBXFileReference; lastKnownFileType = sourcecode.swift; path = SceneDelegate.swift; sourceTree = "<group>"; };
		BCA5C8FE2BB9FD17008C1960 /* ViewController.swift */ = {isa = PBXFileReference; lastKnownFileType = sourcecode.swift; path = ViewController.swift; sourceTree = "<group>"; };
		BCA5C9012BB9FD17008C1960 /* Base */ = {isa = PBXFileReference; lastKnownFileType = file.storyboard; name = Base; path = Base.lproj/Main.storyboard; sourceTree = "<group>"; };
		BCA5C9032BB9FD18008C1960 /* Assets.xcassets */ = {isa = PBXFileReference; lastKnownFileType = folder.assetcatalog; path = Assets.xcassets; sourceTree = "<group>"; };
		BCA5C9062BB9FD18008C1960 /* Base */ = {isa = PBXFileReference; lastKnownFileType = file.storyboard; name = Base; path = Base.lproj/LaunchScreen.storyboard; sourceTree = "<group>"; };
		BCA5C9082BB9FD18008C1960 /* Info.plist */ = {isa = PBXFileReference; lastKnownFileType = text.plist.xml; path = Info.plist; sourceTree = "<group>"; };
		BCA5C90E2BBA3289008C1960 /* TwitterService.swift */ = {isa = PBXFileReference; lastKnownFileType = sourcecode.swift; path = TwitterService.swift; sourceTree = "<group>"; };
		BCA5C9132BBA6802008C1960 /* TwitterViewController.swift */ = {isa = PBXFileReference; lastKnownFileType = sourcecode.swift; path = TwitterViewController.swift; sourceTree = "<group>"; };
		BCFB93312BCAD0FE00DE75BF /* AddBudgetViewController.swift */ = {isa = PBXFileReference; fileEncoding = 4; lastKnownFileType = sourcecode.swift; path = AddBudgetViewController.swift; sourceTree = "<group>"; };
		BCFB93332BCAD10300DE75BF /* BudgetData.swift */ = {isa = PBXFileReference; lastKnownFileType = sourcecode.swift; path = BudgetData.swift; sourceTree = "<group>"; };
		BCFB93352BCAD10600DE75BF /* BudgetSwiftUIView.swift */ = {isa = PBXFileReference; lastKnownFileType = sourcecode.swift; path = BudgetSwiftUIView.swift; sourceTree = "<group>"; };
		BCFB93372BCAD10900DE75BF /* BudgetViewController.swift */ = {isa = PBXFileReference; lastKnownFileType = sourcecode.swift; path = BudgetViewController.swift; sourceTree = "<group>"; };
		BCFB93392BCAD10B00DE75BF /* OldBudgetViewController.swift */ = {isa = PBXFileReference; lastKnownFileType = sourcecode.swift; path = OldBudgetViewController.swift; sourceTree = "<group>"; };
		BCFB933B2BCAD10D00DE75BF /* BudgetTableViewCell.swift */ = {isa = PBXFileReference; lastKnownFileType = sourcecode.swift; path = BudgetTableViewCell.swift; sourceTree = "<group>"; };
		CE1E137E2BCC882600B01C92 /* FlightData.swift */ = {isa = PBXFileReference; fileEncoding = 4; lastKnownFileType = sourcecode.swift; name = FlightData.swift; path = FinalDestination/FlightTracking/FlightData.swift; sourceTree = SOURCE_ROOT; };
		CE1E137F2BCC882600B01C92 /* FlightTrackingTableViewController.swift */ = {isa = PBXFileReference; fileEncoding = 4; lastKnownFileType = sourcecode.swift; name = FlightTrackingTableViewController.swift; path = FinalDestination/FlightTracking/FlightTrackingTableViewController.swift; sourceTree = SOURCE_ROOT; };
		CE1E13802BCC882600B01C92 /* FlightTrackingViewController.swift */ = {isa = PBXFileReference; fileEncoding = 4; lastKnownFileType = sourcecode.swift; name = FlightTrackingViewController.swift; path = FinalDestination/FlightTracking/FlightTrackingViewController.swift; sourceTree = SOURCE_ROOT; };
		CE1E13812BCC882600B01C92 /* FlightTrackingTableViewCell.swift */ = {isa = PBXFileReference; fileEncoding = 4; lastKnownFileType = sourcecode.swift; name = FlightTrackingTableViewCell.swift; path = FinalDestination/FlightTracking/FlightTrackingTableViewCell.swift; sourceTree = SOURCE_ROOT; };
		CE1E13862BCC890B00B01C92 /* planeIcon.png */ = {isa = PBXFileReference; lastKnownFileType = image.png; path = planeIcon.png; sourceTree = "<group>"; };
		CE1E13872BCC890B00B01C92 /* FT_BG.jpg */ = {isa = PBXFileReference; lastKnownFileType = image.jpeg; path = FT_BG.jpg; sourceTree = "<group>"; };
/* End PBXFileReference section */

/* Begin PBXFrameworksBuildPhase section */
		BCA5C8F42BB9FD17008C1960 /* Frameworks */ = {
			isa = PBXFrameworksBuildPhase;
			buildActionMask = 2147483647;
			files = (
				910341E52BC5ACB5006CAAC4 /* MapKit.framework in Frameworks */,
				BC4FDD112BCC68F6005B4D38 /* OAuthSwift in Frameworks */,
			);
			runOnlyForDeploymentPostprocessing = 0;
		};
/* End PBXFrameworksBuildPhase section */

/* Begin PBXGroup section */
		910341E32BC5ACB5006CAAC4 /* Frameworks */ = {
			isa = PBXGroup;
			children = (
				910341E42BC5ACB5006CAAC4 /* MapKit.framework */,
			);
			name = Frameworks;
			sourceTree = "<group>";
		};
		910341E62BC5AED4006CAAC4 /* Sightseeing */ = {
			isa = PBXGroup;
			children = (
				910341E72BC5AEEF006CAAC4 /* SightseeingViewController.swift */,
				910341E92BC5B06B006CAAC4 /* SightseeingTableViewController.swift */,
				910341EB2BC5CC40006CAAC4 /* POITableViewCell.swift */,
			);
			path = Sightseeing;
			sourceTree = "<group>";
		};
		91211C432BC71C1F0099D22D /* Images */ = {
			isa = PBXGroup;
			children = (
				CE1E13872BCC890B00B01C92 /* FT_BG.jpg */,
				CE1E13862BCC890B00B01C92 /* planeIcon.png */,
				91211C442BC71C2A0099D22D /* sightseeingBackground.jpeg */,
			);
			path = Images;
			sourceTree = "<group>";
		};
		BC6EF67E2BBB734B00466C5A /* Database */ = {
			isa = PBXGroup;
			children = (
				BC6EF67F2BBB735E00466C5A /* FinalDestination.db */,
			);
			path = Database;
			sourceTree = "<group>";
		};
		BC6EF6832BBB75E600466C5A /* Twitter */ = {
			isa = PBXGroup;
			children = (
				BC3D6EFF2BCC49670088F5B3 /* NewTweetBack.jpg */,
				BC3D6EFD2BCC48CA0088F5B3 /* TweetBackground.jpg */,
				BC6EF6812BBB752500466C5A /* OldTweetsViewController.swift */,
				BCA5C9132BBA6802008C1960 /* TwitterViewController.swift */,
				BCA5C90E2BBA3289008C1960 /* TwitterService.swift */,
				BC0906392BBB82A200BF19AB /* TweetData.swift */,
				BC09063B2BBB8B1B00BF19AB /* SiteCellTableViewCell.swift */,
			);
			path = Twitter;
			sourceTree = "<group>";
		};
		BCA5C8EE2BB9FD17008C1960 = {
			isa = PBXGroup;
			children = (
				BCA5C8F92BB9FD17008C1960 /* FinalDestination */,
				BCA5C8F82BB9FD17008C1960 /* Products */,
				910341E32BC5ACB5006CAAC4 /* Frameworks */,
			);
			sourceTree = "<group>";
		};
		BCA5C8F82BB9FD17008C1960 /* Products */ = {
			isa = PBXGroup;
			children = (
				BCA5C8F72BB9FD17008C1960 /* FinalDestination.app */,
			);
			name = Products;
			sourceTree = "<group>";
		};
		BCA5C8F92BB9FD17008C1960 /* FinalDestination */ = {
			isa = PBXGroup;
			children = (
				CE1E137D2BCC87F000B01C92 /* FlightInfo */,
				BCFB93302BCAD0E400DE75BF /* Budget */,
				91211C432BC71C1F0099D22D /* Images */,
				910341E62BC5AED4006CAAC4 /* Sightseeing */,
				BC6EF6832BBB75E600466C5A /* Twitter */,
				BC6EF67E2BBB734B00466C5A /* Database */,
				BCA5C8FA2BB9FD17008C1960 /* AppDelegate.swift */,
				BCA5C8FC2BB9FD17008C1960 /* SceneDelegate.swift */,
				BCA5C8FE2BB9FD17008C1960 /* ViewController.swift */,
				BCA5C9002BB9FD17008C1960 /* Main.storyboard */,
				BCA5C9032BB9FD18008C1960 /* Assets.xcassets */,
				BCA5C9052BB9FD18008C1960 /* LaunchScreen.storyboard */,
				BCA5C9082BB9FD18008C1960 /* Info.plist */,
			);
			path = FinalDestination;
			sourceTree = "<group>";
		};
		BCFB93302BCAD0E400DE75BF /* Budget */ = {
			isa = PBXGroup;
			children = (
				BCFB93332BCAD10300DE75BF /* BudgetData.swift */,
				BCFB93352BCAD10600DE75BF /* BudgetSwiftUIView.swift */,
				BCFB93312BCAD0FE00DE75BF /* AddBudgetViewController.swift */,
				BCFB93372BCAD10900DE75BF /* BudgetViewController.swift */,
				BCFB933B2BCAD10D00DE75BF /* BudgetTableViewCell.swift */,
				BCFB93392BCAD10B00DE75BF /* OldBudgetViewController.swift */,
			);
			path = Budget;
			sourceTree = "<group>";
		};
		CE1E137D2BCC87F000B01C92 /* FlightInfo */ = {
			isa = PBXGroup;
			children = (
				CE1E137E2BCC882600B01C92 /* FlightData.swift */,
				CE1E13812BCC882600B01C92 /* FlightTrackingTableViewCell.swift */,
				CE1E137F2BCC882600B01C92 /* FlightTrackingTableViewController.swift */,
				CE1E13802BCC882600B01C92 /* FlightTrackingViewController.swift */,
			);
			path = FlightInfo;
			sourceTree = "<group>";
		};
/* End PBXGroup section */

/* Begin PBXNativeTarget section */
		BCA5C8F62BB9FD17008C1960 /* FinalDestination */ = {
			isa = PBXNativeTarget;
			buildConfigurationList = BCA5C90B2BB9FD18008C1960 /* Build configuration list for PBXNativeTarget "FinalDestination" */;
			buildPhases = (
				BCA5C8F32BB9FD17008C1960 /* Sources */,
				BCA5C8F42BB9FD17008C1960 /* Frameworks */,
				BCA5C8F52BB9FD17008C1960 /* Resources */,
			);
			buildRules = (
			);
			dependencies = (
			);
			name = FinalDestination;
			packageProductDependencies = (
				BC4FDD102BCC68F6005B4D38 /* OAuthSwift */,
			);
			productName = FinalDestination;
			productReference = BCA5C8F72BB9FD17008C1960 /* FinalDestination.app */;
			productType = "com.apple.product-type.application";
		};
/* End PBXNativeTarget section */

/* Begin PBXProject section */
		BCA5C8EF2BB9FD17008C1960 /* Project object */ = {
			isa = PBXProject;
			attributes = {
				BuildIndependentTargetsInParallel = 1;
				LastSwiftUpdateCheck = 1520;
				LastUpgradeCheck = 1520;
				TargetAttributes = {
					BCA5C8F62BB9FD17008C1960 = {
						CreatedOnToolsVersion = 15.2;
					};
				};
			};
			buildConfigurationList = BCA5C8F22BB9FD17008C1960 /* Build configuration list for PBXProject "FinalDestination" */;
			compatibilityVersion = "Xcode 14.0";
			developmentRegion = en;
			hasScannedForEncodings = 0;
			knownRegions = (
				en,
				Base,
			);
			mainGroup = BCA5C8EE2BB9FD17008C1960;
			packageReferences = (
				BCA5C9102BBA358F008C1960 /* XCRemoteSwiftPackageReference "OAuthSwift" */,
			);
			productRefGroup = BCA5C8F82BB9FD17008C1960 /* Products */;
			projectDirPath = "";
			projectRoot = "";
			targets = (
				BCA5C8F62BB9FD17008C1960 /* FinalDestination */,
			);
		};
/* End PBXProject section */

/* Begin PBXResourcesBuildPhase section */
		BCA5C8F52BB9FD17008C1960 /* Resources */ = {
			isa = PBXResourcesBuildPhase;
			buildActionMask = 2147483647;
			files = (
				BCA5C9072BB9FD18008C1960 /* LaunchScreen.storyboard in Resources */,
				CE1E13892BCC890B00B01C92 /* FT_BG.jpg in Resources */,
				CE1E13882BCC890B00B01C92 /* planeIcon.png in Resources */,
				BCA5C9042BB9FD18008C1960 /* Assets.xcassets in Resources */,
				BC3D6F002BCC49670088F5B3 /* NewTweetBack.jpg in Resources */,
				BCA5C9022BB9FD17008C1960 /* Main.storyboard in Resources */,
				91211C452BC71C2A0099D22D /* sightseeingBackground.jpeg in Resources */,
				BC6EF6802BBB735E00466C5A /* FinalDestination.db in Resources */,
				BC3D6EFE2BCC48CA0088F5B3 /* TweetBackground.jpg in Resources */,
			);
			runOnlyForDeploymentPostprocessing = 0;
		};
/* End PBXResourcesBuildPhase section */

/* Begin PBXSourcesBuildPhase section */
		BCA5C8F32BB9FD17008C1960 /* Sources */ = {
			isa = PBXSourcesBuildPhase;
			buildActionMask = 2147483647;
			files = (
				910341EC2BC5CC40006CAAC4 /* POITableViewCell.swift in Sources */,
				BCFB933A2BCAD10B00DE75BF /* OldBudgetViewController.swift in Sources */,
				BCFB933C2BCAD10D00DE75BF /* BudgetTableViewCell.swift in Sources */,
				910341EA2BC5B06B006CAAC4 /* SightseeingTableViewController.swift in Sources */,
				BCA5C8FF2BB9FD17008C1960 /* ViewController.swift in Sources */,
				CE1E13842BCC882600B01C92 /* FlightTrackingViewController.swift in Sources */,
				CE1E13852BCC882600B01C92 /* FlightTrackingTableViewCell.swift in Sources */,
				BCA5C8FB2BB9FD17008C1960 /* AppDelegate.swift in Sources */,
				BC09063A2BBB82A200BF19AB /* TweetData.swift in Sources */,
				CE1E13832BCC882600B01C92 /* FlightTrackingTableViewController.swift in Sources */,
				BCA5C9142BBA6802008C1960 /* TwitterViewController.swift in Sources */,
				BCA5C8FD2BB9FD17008C1960 /* SceneDelegate.swift in Sources */,
				BCFB93382BCAD10900DE75BF /* BudgetViewController.swift in Sources */,
				BCFB93322BCAD0FE00DE75BF /* AddBudgetViewController.swift in Sources */,
				910341E82BC5AEEF006CAAC4 /* SightseeingViewController.swift in Sources */,
				BCFB93362BCAD10600DE75BF /* BudgetSwiftUIView.swift in Sources */,
				CE1E13822BCC882600B01C92 /* FlightData.swift in Sources */,
				BC6EF6822BBB752500466C5A /* OldTweetsViewController.swift in Sources */,
				BCFB93342BCAD10300DE75BF /* BudgetData.swift in Sources */,
				BC09063C2BBB8B1B00BF19AB /* SiteCellTableViewCell.swift in Sources */,
				BCA5C90F2BBA3289008C1960 /* TwitterService.swift in Sources */,
			);
			runOnlyForDeploymentPostprocessing = 0;
		};
/* End PBXSourcesBuildPhase section */

/* Begin PBXVariantGroup section */
		BCA5C9002BB9FD17008C1960 /* Main.storyboard */ = {
			isa = PBXVariantGroup;
			children = (
				BCA5C9012BB9FD17008C1960 /* Base */,
			);
			name = Main.storyboard;
			sourceTree = "<group>";
		};
		BCA5C9052BB9FD18008C1960 /* LaunchScreen.storyboard */ = {
			isa = PBXVariantGroup;
			children = (
				BCA5C9062BB9FD18008C1960 /* Base */,
			);
			name = LaunchScreen.storyboard;
			sourceTree = "<group>";
		};
/* End PBXVariantGroup section */

/* Begin XCBuildConfiguration section */
		BCA5C9092BB9FD18008C1960 /* Debug */ = {
			isa = XCBuildConfiguration;
			buildSettings = {
				ALWAYS_SEARCH_USER_PATHS = NO;
				ASSETCATALOG_COMPILER_GENERATE_SWIFT_ASSET_SYMBOL_EXTENSIONS = YES;
				CLANG_ANALYZER_NONNULL = YES;
				CLANG_ANALYZER_NUMBER_OBJECT_CONVERSION = YES_AGGRESSIVE;
				CLANG_CXX_LANGUAGE_STANDARD = "gnu++20";
				CLANG_ENABLE_MODULES = YES;
				CLANG_ENABLE_OBJC_ARC = YES;
				CLANG_ENABLE_OBJC_WEAK = YES;
				CLANG_WARN_BLOCK_CAPTURE_AUTORELEASING = YES;
				CLANG_WARN_BOOL_CONVERSION = YES;
				CLANG_WARN_COMMA = YES;
				CLANG_WARN_CONSTANT_CONVERSION = YES;
				CLANG_WARN_DEPRECATED_OBJC_IMPLEMENTATIONS = YES;
				CLANG_WARN_DIRECT_OBJC_ISA_USAGE = YES_ERROR;
				CLANG_WARN_DOCUMENTATION_COMMENTS = YES;
				CLANG_WARN_EMPTY_BODY = YES;
				CLANG_WARN_ENUM_CONVERSION = YES;
				CLANG_WARN_INFINITE_RECURSION = YES;
				CLANG_WARN_INT_CONVERSION = YES;
				CLANG_WARN_NON_LITERAL_NULL_CONVERSION = YES;
				CLANG_WARN_OBJC_IMPLICIT_RETAIN_SELF = YES;
				CLANG_WARN_OBJC_LITERAL_CONVERSION = YES;
				CLANG_WARN_OBJC_ROOT_CLASS = YES_ERROR;
				CLANG_WARN_QUOTED_INCLUDE_IN_FRAMEWORK_HEADER = YES;
				CLANG_WARN_RANGE_LOOP_ANALYSIS = YES;
				CLANG_WARN_STRICT_PROTOTYPES = YES;
				CLANG_WARN_SUSPICIOUS_MOVE = YES;
				CLANG_WARN_UNGUARDED_AVAILABILITY = YES_AGGRESSIVE;
				CLANG_WARN_UNREACHABLE_CODE = YES;
				CLANG_WARN__DUPLICATE_METHOD_MATCH = YES;
				COPY_PHASE_STRIP = NO;
				DEBUG_INFORMATION_FORMAT = dwarf;
				ENABLE_STRICT_OBJC_MSGSEND = YES;
				ENABLE_TESTABILITY = YES;
				ENABLE_USER_SCRIPT_SANDBOXING = YES;
				GCC_C_LANGUAGE_STANDARD = gnu17;
				GCC_DYNAMIC_NO_PIC = NO;
				GCC_NO_COMMON_BLOCKS = YES;
				GCC_OPTIMIZATION_LEVEL = 0;
				GCC_PREPROCESSOR_DEFINITIONS = (
					"DEBUG=1",
					"$(inherited)",
				);
				GCC_WARN_64_TO_32_BIT_CONVERSION = YES;
				GCC_WARN_ABOUT_RETURN_TYPE = YES_ERROR;
				GCC_WARN_UNDECLARED_SELECTOR = YES;
				GCC_WARN_UNINITIALIZED_AUTOS = YES_AGGRESSIVE;
				GCC_WARN_UNUSED_FUNCTION = YES;
				GCC_WARN_UNUSED_VARIABLE = YES;
				IPHONEOS_DEPLOYMENT_TARGET = 17.2;
				LOCALIZATION_PREFERS_STRING_CATALOGS = YES;
				MTL_ENABLE_DEBUG_INFO = INCLUDE_SOURCE;
				MTL_FAST_MATH = YES;
				ONLY_ACTIVE_ARCH = YES;
				SDKROOT = iphoneos;
				SWIFT_ACTIVE_COMPILATION_CONDITIONS = "DEBUG $(inherited)";
				SWIFT_OPTIMIZATION_LEVEL = "-Onone";
			};
			name = Debug;
		};
		BCA5C90A2BB9FD18008C1960 /* Release */ = {
			isa = XCBuildConfiguration;
			buildSettings = {
				ALWAYS_SEARCH_USER_PATHS = NO;
				ASSETCATALOG_COMPILER_GENERATE_SWIFT_ASSET_SYMBOL_EXTENSIONS = YES;
				CLANG_ANALYZER_NONNULL = YES;
				CLANG_ANALYZER_NUMBER_OBJECT_CONVERSION = YES_AGGRESSIVE;
				CLANG_CXX_LANGUAGE_STANDARD = "gnu++20";
				CLANG_ENABLE_MODULES = YES;
				CLANG_ENABLE_OBJC_ARC = YES;
				CLANG_ENABLE_OBJC_WEAK = YES;
				CLANG_WARN_BLOCK_CAPTURE_AUTORELEASING = YES;
				CLANG_WARN_BOOL_CONVERSION = YES;
				CLANG_WARN_COMMA = YES;
				CLANG_WARN_CONSTANT_CONVERSION = YES;
				CLANG_WARN_DEPRECATED_OBJC_IMPLEMENTATIONS = YES;
				CLANG_WARN_DIRECT_OBJC_ISA_USAGE = YES_ERROR;
				CLANG_WARN_DOCUMENTATION_COMMENTS = YES;
				CLANG_WARN_EMPTY_BODY = YES;
				CLANG_WARN_ENUM_CONVERSION = YES;
				CLANG_WARN_INFINITE_RECURSION = YES;
				CLANG_WARN_INT_CONVERSION = YES;
				CLANG_WARN_NON_LITERAL_NULL_CONVERSION = YES;
				CLANG_WARN_OBJC_IMPLICIT_RETAIN_SELF = YES;
				CLANG_WARN_OBJC_LITERAL_CONVERSION = YES;
				CLANG_WARN_OBJC_ROOT_CLASS = YES_ERROR;
				CLANG_WARN_QUOTED_INCLUDE_IN_FRAMEWORK_HEADER = YES;
				CLANG_WARN_RANGE_LOOP_ANALYSIS = YES;
				CLANG_WARN_STRICT_PROTOTYPES = YES;
				CLANG_WARN_SUSPICIOUS_MOVE = YES;
				CLANG_WARN_UNGUARDED_AVAILABILITY = YES_AGGRESSIVE;
				CLANG_WARN_UNREACHABLE_CODE = YES;
				CLANG_WARN__DUPLICATE_METHOD_MATCH = YES;
				COPY_PHASE_STRIP = NO;
				DEBUG_INFORMATION_FORMAT = "dwarf-with-dsym";
				ENABLE_NS_ASSERTIONS = NO;
				ENABLE_STRICT_OBJC_MSGSEND = YES;
				ENABLE_USER_SCRIPT_SANDBOXING = YES;
				GCC_C_LANGUAGE_STANDARD = gnu17;
				GCC_NO_COMMON_BLOCKS = YES;
				GCC_WARN_64_TO_32_BIT_CONVERSION = YES;
				GCC_WARN_ABOUT_RETURN_TYPE = YES_ERROR;
				GCC_WARN_UNDECLARED_SELECTOR = YES;
				GCC_WARN_UNINITIALIZED_AUTOS = YES_AGGRESSIVE;
				GCC_WARN_UNUSED_FUNCTION = YES;
				GCC_WARN_UNUSED_VARIABLE = YES;
				IPHONEOS_DEPLOYMENT_TARGET = 17.2;
				LOCALIZATION_PREFERS_STRING_CATALOGS = YES;
				MTL_ENABLE_DEBUG_INFO = NO;
				MTL_FAST_MATH = YES;
				SDKROOT = iphoneos;
				SWIFT_COMPILATION_MODE = wholemodule;
				VALIDATE_PRODUCT = YES;
			};
			name = Release;
		};
		BCA5C90C2BB9FD18008C1960 /* Debug */ = {
			isa = XCBuildConfiguration;
			buildSettings = {
				ASSETCATALOG_COMPILER_APPICON_NAME = AppIcon;
				ASSETCATALOG_COMPILER_GLOBAL_ACCENT_COLOR_NAME = AccentColor;
				CODE_SIGN_STYLE = Automatic;
				CURRENT_PROJECT_VERSION = 1;
				GENERATE_INFOPLIST_FILE = YES;
				INFOPLIST_FILE = FinalDestination/Info.plist;
				INFOPLIST_KEY_UIApplicationSupportsIndirectInputEvents = YES;
				INFOPLIST_KEY_UILaunchStoryboardName = LaunchScreen;
				INFOPLIST_KEY_UIMainStoryboardFile = Main;
				INFOPLIST_KEY_UISupportedInterfaceOrientations_iPad = "UIInterfaceOrientationPortrait UIInterfaceOrientationPortraitUpsideDown UIInterfaceOrientationLandscapeLeft UIInterfaceOrientationLandscapeRight";
				INFOPLIST_KEY_UISupportedInterfaceOrientations_iPhone = "UIInterfaceOrientationPortrait UIInterfaceOrientationLandscapeLeft UIInterfaceOrientationLandscapeRight";
				IPHONEOS_DEPLOYMENT_TARGET = 16.4;
				LD_RUNPATH_SEARCH_PATHS = (
					"$(inherited)",
					"@executable_path/Frameworks",
				);
				MARKETING_VERSION = 1.0;
				PRODUCT_BUNDLE_IDENTIFIER = com.prog31632.FinalDestination;
				PRODUCT_NAME = "$(TARGET_NAME)";
				SWIFT_EMIT_LOC_STRINGS = YES;
				SWIFT_VERSION = 5.0;
				TARGETED_DEVICE_FAMILY = "1,2";
			};
			name = Debug;
		};
		BCA5C90D2BB9FD18008C1960 /* Release */ = {
			isa = XCBuildConfiguration;
			buildSettings = {
				ASSETCATALOG_COMPILER_APPICON_NAME = AppIcon;
				ASSETCATALOG_COMPILER_GLOBAL_ACCENT_COLOR_NAME = AccentColor;
				CODE_SIGN_STYLE = Automatic;
				CURRENT_PROJECT_VERSION = 1;
				GENERATE_INFOPLIST_FILE = YES;
				INFOPLIST_FILE = FinalDestination/Info.plist;
				INFOPLIST_KEY_UIApplicationSupportsIndirectInputEvents = YES;
				INFOPLIST_KEY_UILaunchStoryboardName = LaunchScreen;
				INFOPLIST_KEY_UIMainStoryboardFile = Main;
				INFOPLIST_KEY_UISupportedInterfaceOrientations_iPad = "UIInterfaceOrientationPortrait UIInterfaceOrientationPortraitUpsideDown UIInterfaceOrientationLandscapeLeft UIInterfaceOrientationLandscapeRight";
				INFOPLIST_KEY_UISupportedInterfaceOrientations_iPhone = "UIInterfaceOrientationPortrait UIInterfaceOrientationLandscapeLeft UIInterfaceOrientationLandscapeRight";
				IPHONEOS_DEPLOYMENT_TARGET = 16.4;
				LD_RUNPATH_SEARCH_PATHS = (
					"$(inherited)",
					"@executable_path/Frameworks",
				);
				MARKETING_VERSION = 1.0;
				PRODUCT_BUNDLE_IDENTIFIER = com.prog31632.FinalDestination;
				PRODUCT_NAME = "$(TARGET_NAME)";
				SWIFT_EMIT_LOC_STRINGS = YES;
				SWIFT_VERSION = 5.0;
				TARGETED_DEVICE_FAMILY = "1,2";
			};
			name = Release;
		};
/* End XCBuildConfiguration section */

/* Begin XCConfigurationList section */
		BCA5C8F22BB9FD17008C1960 /* Build configuration list for PBXProject "FinalDestination" */ = {
			isa = XCConfigurationList;
			buildConfigurations = (
				BCA5C9092BB9FD18008C1960 /* Debug */,
				BCA5C90A2BB9FD18008C1960 /* Release */,
			);
			defaultConfigurationIsVisible = 0;
			defaultConfigurationName = Release;
		};
		BCA5C90B2BB9FD18008C1960 /* Build configuration list for PBXNativeTarget "FinalDestination" */ = {
			isa = XCConfigurationList;
			buildConfigurations = (
				BCA5C90C2BB9FD18008C1960 /* Debug */,
				BCA5C90D2BB9FD18008C1960 /* Release */,
			);
			defaultConfigurationIsVisible = 0;
			defaultConfigurationName = Release;
		};
/* End XCConfigurationList section */

/* Begin XCRemoteSwiftPackageReference section */
		BCA5C9102BBA358F008C1960 /* XCRemoteSwiftPackageReference "OAuthSwift" */ = {
			isa = XCRemoteSwiftPackageReference;
			repositoryURL = "https://github.com/OAuthSwift/OAuthSwift.git";
			requirement = {
				kind = upToNextMajorVersion;
				minimumVersion = 2.2.0;
			};
		};
/* End XCRemoteSwiftPackageReference section */

/* Begin XCSwiftPackageProductDependency section */
		BC4FDD102BCC68F6005B4D38 /* OAuthSwift */ = {
			isa = XCSwiftPackageProductDependency;
			package = BCA5C9102BBA358F008C1960 /* XCRemoteSwiftPackageReference "OAuthSwift" */;
			productName = OAuthSwift;
		};
/* End XCSwiftPackageProductDependency section */
	};
	rootObject = BCA5C8EF2BB9FD17008C1960 /* Project object */;
}
